
Microsoft Visual Studio Solution File, Format Version 12.00
# Visual Studio Version 17
VisualStudioVersion = 17.4.33205.214
MinimumVisualStudioVersion = 10.0.40219.1
Project("{FAE04EC0-301F-11D3-BF4B-00C04F79EFBC}") = "ShareBites", "ShareBites\ShareBites.csproj", "{5680E0D3-1BB1-48AD-AEB8-267A684BCD09}"
EndProject
Global
	GlobalSection(SolutionConfigurationPlatforms) = preSolution
		Debug|Any CPU = Debug|Any CPU
		Release|Any CPU = Release|Any CPU
	EndGlobalSection
	GlobalSection(ProjectConfigurationPlatforms) = postSolution
		{5680E0D3-1BB1-48AD-AEB8-267A684BCD09}.Debug|Any CPU.ActiveCfg = Debug|Any CPU
		{5680E0D3-1BB1-48AD-AEB8-267A684BCD09}.Debug|Any CPU.Build.0 = Debug|Any CPU
		{5680E0D3-1BB1-48AD-AEB8-267A684BCD09}.Release|Any CPU.ActiveCfg = Release|Any CPU
		{5680E0D3-1BB1-48AD-AEB8-267A684BCD09}.Release|Any CPU.Build.0 = Release|Any CPU
	EndGlobalSection
	GlobalSection(SolutionProperties) = preSolution
		HideSolutionNode = FALSE
	EndGlobalSection
	GlobalSection(ExtensibilityGlobals) = postSolution
		SolutionGuid = {84ED3387-04A7-46C8-9354-CCD9605CFEF3}
	EndGlobalSection
EndGlobal
